
Microsoft Visual Studio Solution File, Format Version 12.00
# Visual Studio Version 17
VisualStudioVersion = 17.0.31912.275
MinimumVisualStudioVersion = 10.0.40219.1
Project("{FAE04EC0-301F-11D3-BF4B-00C04F79EFBC}") = "Abc.Core", "Abc.Core\Abc.Core.csproj", "{E4E1F48F-4572-459A-859F-7AF8182E6979}"
EndProject
Project("{FAE04EC0-301F-11D3-BF4B-00C04F79EFBC}") = "Abc.Northwind.Entities", "Abc.Northwind.Entities\Abc.Northwind.Entities.csproj", "{887A4ECB-C242-4845-958F-2301067430A9}"
EndProject
Project("{FAE04EC0-301F-11D3-BF4B-00C04F79EFBC}") = "Abc.Northwind.DataAccess", "Abc.Northwind.DataAccess\Abc.Northwind.DataAccess.csproj", "{0A00AC1D-8F85-4799-8E5B-7A271AE87C55}"
EndProject
Project("{FAE04EC0-301F-11D3-BF4B-00C04F79EFBC}") = "Abc.Northwind.Business", "Abc.Northwind.Business\Abc.Northwind.Business.csproj", "{9893C281-B246-42C1-BD7E-0FC66DEA0205}"
EndProject
Project("{FAE04EC0-301F-11D3-BF4B-00C04F79EFBC}") = "Abc.Northwind.MvcWebUI", "Abc.Northwind.MvcWebUI\Abc.Northwind.MvcWebUI.csproj", "{9F24F0B4-880A-4661-BFC5-026B712F3D0B}"
EndProject
Global
	GlobalSection(SolutionConfigurationPlatforms) = preSolution
		Debug|Any CPU = Debug|Any CPU
		Release|Any CPU = Release|Any CPU
	EndGlobalSection
	GlobalSection(ProjectConfigurationPlatforms) = postSolution
		{E4E1F48F-4572-459A-859F-7AF8182E6979}.Debug|Any CPU.ActiveCfg = Debug|Any CPU
		{E4E1F48F-4572-459A-859F-7AF8182E6979}.Debug|Any CPU.Build.0 = Debug|Any CPU
		{E4E1F48F-4572-459A-859F-7AF8182E6979}.Release|Any CPU.ActiveCfg = Release|Any CPU
		{E4E1F48F-4572-459A-859F-7AF8182E6979}.Release|Any CPU.Build.0 = Release|Any CPU
		{887A4ECB-C242-4845-958F-2301067430A9}.Debug|Any CPU.ActiveCfg = Debug|Any CPU
		{887A4ECB-C242-4845-958F-2301067430A9}.Debug|Any CPU.Build.0 = Debug|Any CPU
		{887A4ECB-C242-4845-958F-2301067430A9}.Release|Any CPU.ActiveCfg = Release|Any CPU
		{887A4ECB-C242-4845-958F-2301067430A9}.Release|Any CPU.Build.0 = Release|Any CPU
		{0A00AC1D-8F85-4799-8E5B-7A271AE87C55}.Debug|Any CPU.ActiveCfg = Debug|Any CPU
		{0A00AC1D-8F85-4799-8E5B-7A271AE87C55}.Debug|Any CPU.Build.0 = Debug|Any CPU
		{0A00AC1D-8F85-4799-8E5B-7A271AE87C55}.Release|Any CPU.ActiveCfg = Release|Any CPU
		{0A00AC1D-8F85-4799-8E5B-7A271AE87C55}.Release|Any CPU.Build.0 = Release|Any CPU
		{9893C281-B246-42C1-BD7E-0FC66DEA0205}.Debug|Any CPU.ActiveCfg = Debug|Any CPU
		{9893C281-B246-42C1-BD7E-0FC66DEA0205}.Debug|Any CPU.Build.0 = Debug|Any CPU
		{9893C281-B246-42C1-BD7E-0FC66DEA0205}.Release|Any CPU.ActiveCfg = Release|Any CPU
		{9893C281-B246-42C1-BD7E-0FC66DEA0205}.Release|Any CPU.Build.0 = Release|Any CPU
		{9F24F0B4-880A-4661-BFC5-026B712F3D0B}.Debug|Any CPU.ActiveCfg = Debug|Any CPU
		{9F24F0B4-880A-4661-BFC5-026B712F3D0B}.Debug|Any CPU.Build.0 = Debug|Any CPU
		{9F24F0B4-880A-4661-BFC5-026B712F3D0B}.Release|Any CPU.ActiveCfg = Release|Any CPU
		{9F24F0B4-880A-4661-BFC5-026B712F3D0B}.Release|Any CPU.Build.0 = Release|Any CPU
	EndGlobalSection
	GlobalSection(SolutionProperties) = preSolution
		HideSolutionNode = FALSE
	EndGlobalSection
	GlobalSection(ExtensibilityGlobals) = postSolution
		SolutionGuid = {D38BEF4B-B4CA-4E6A-BCC2-E14164B29F5E}
	EndGlobalSection
EndGlobal
